
Microsoft Visual Studio Solution File, Format Version 12.00
# Visual Studio Version 16
VisualStudioVersion = 16.0.29728.190
MinimumVisualStudioVersion = 10.0.40219.1
Project("{2150E333-8FDC-42A3-9474-1A3956D46DE8}") = ".nuget", ".nuget", "{B941A7DE-3DA1-4F99-AE92-77ED79B06A6A}"
	ProjectSection(SolutionItems) = preProject
		.nuget\NuGet.Config = .nuget\NuGet.Config
		.nuget\NuGet.exe = .nuget\NuGet.exe
	EndProjectSection
EndProject
Project("{FAE04EC0-301F-11D3-BF4B-00C04F79EFBC}") = "Eumis.Common", "Eumis.Common\Eumis.Common.csproj", "{D6414FE3-F7ED-41F3-8BB2-C977BDD98747}"
EndProject
Project("{FAE04EC0-301F-11D3-BF4B-00C04F79EFBC}") = "Eumis.XsdClassGenerator", "Eumis.XsdClassGenerator\Eumis.XsdClassGenerator.csproj", "{A560DAEE-6C30-4312-BB15-84327FD682F6}"
EndProject
Project("{FAE04EC0-301F-11D3-BF4B-00C04F79EFBC}") = "Eumis.Components", "Eumis.Components\Eumis.Components.csproj", "{3D3839C5-3895-4331-8329-31BB6BE6140E}"
EndProject
Project("{FAE04EC0-301F-11D3-BF4B-00C04F79EFBC}") = "Eumis.Documents", "Eumis.Documents\Eumis.Documents.csproj", "{3D773C60-B683-4921-9FAA-ABAA06F940D4}"
EndProject
Project("{FAE04EC0-301F-11D3-BF4B-00C04F79EFBC}") = "Eumis.Portal.Database", "Eumis.Portal.Database\Eumis.Portal.Database.csproj", "{07ABED2C-2824-4A5D-B639-20A6D048E7AD}"
EndProject
Project("{FAE04EC0-301F-11D3-BF4B-00C04F79EFBC}") = "Eumis.Portal.Web", "Eumis.Portal.Web\Eumis.Portal.Web.csproj", "{EB2423F7-3BBC-4F51-8BAA-0913A922FE76}"
EndProject
Project("{FAE04EC0-301F-11D3-BF4B-00C04F79EFBC}") = "Eumis.Portal.Model", "Eumis.Portal.Model\Eumis.Portal.Model.csproj", "{57119069-6CA3-4AC9-9E01-7AAD6FCA99B6}"
EndProject
Global
	GlobalSection(SolutionConfigurationPlatforms) = preSolution
		Ciela.CI|Any CPU = Ciela.CI|Any CPU
		David.CI|Any CPU = David.CI|Any CPU
		Debug|Any CPU = Debug|Any CPU
		EGP06.DRC|Any CPU = EGP06.DRC|Any CPU
		EGP06.Learn|Any CPU = EGP06.Learn|Any CPU
		EGP06.Prod|Any CPU = EGP06.Prod|Any CPU
		EGP06.Test|Any CPU = EGP06.Test|Any CPU
	EndGlobalSection
	GlobalSection(ProjectConfigurationPlatforms) = postSolution
		{D6414FE3-F7ED-41F3-8BB2-C977BDD98747}.Ciela.CI|Any CPU.ActiveCfg = Ciela.CI|Any CPU
		{D6414FE3-F7ED-41F3-8BB2-C977BDD98747}.Ciela.CI|Any CPU.Build.0 = Ciela.CI|Any CPU
		{D6414FE3-F7ED-41F3-8BB2-C977BDD98747}.David.CI|Any CPU.ActiveCfg = David.CI|Any CPU
		{D6414FE3-F7ED-41F3-8BB2-C977BDD98747}.David.CI|Any CPU.Build.0 = David.CI|Any CPU
		{D6414FE3-F7ED-41F3-8BB2-C977BDD98747}.Debug|Any CPU.ActiveCfg = Debug|Any CPU
		{D6414FE3-F7ED-41F3-8BB2-C977BDD98747}.Debug|Any CPU.Build.0 = Debug|Any CPU
		{D6414FE3-F7ED-41F3-8BB2-C977BDD98747}.EGP06.DRC|Any CPU.ActiveCfg = EGP06.DRC|Any CPU
		{D6414FE3-F7ED-41F3-8BB2-C977BDD98747}.EGP06.DRC|Any CPU.Build.0 = EGP06.DRC|Any CPU
		{D6414FE3-F7ED-41F3-8BB2-C977BDD98747}.EGP06.Learn|Any CPU.ActiveCfg = EGP06.Learn|Any CPU
		{D6414FE3-F7ED-41F3-8BB2-C977BDD98747}.EGP06.Learn|Any CPU.Build.0 = EGP06.Learn|Any CPU
		{D6414FE3-F7ED-41F3-8BB2-C977BDD98747}.EGP06.Prod|Any CPU.ActiveCfg = EGP06.Prod|Any CPU
		{D6414FE3-F7ED-41F3-8BB2-C977BDD98747}.EGP06.Prod|Any CPU.Build.0 = EGP06.Prod|Any CPU
		{D6414FE3-F7ED-41F3-8BB2-C977BDD98747}.EGP06.Test|Any CPU.ActiveCfg = EGP06.Test|Any CPU
		{D6414FE3-F7ED-41F3-8BB2-C977BDD98747}.EGP06.Test|Any CPU.Build.0 = EGP06.Test|Any CPU
		{A560DAEE-6C30-4312-BB15-84327FD682F6}.Ciela.CI|Any CPU.ActiveCfg = Ciela.CI|Any CPU
		{A560DAEE-6C30-4312-BB15-84327FD682F6}.Ciela.CI|Any CPU.Build.0 = Ciela.CI|Any CPU
		{A560DAEE-6C30-4312-BB15-84327FD682F6}.David.CI|Any CPU.ActiveCfg = David.CI|Any CPU
		{A560DAEE-6C30-4312-BB15-84327FD682F6}.David.CI|Any CPU.Build.0 = David.CI|Any CPU
		{A560DAEE-6C30-4312-BB15-84327FD682F6}.Debug|Any CPU.ActiveCfg = Debug|Any CPU
		{A560DAEE-6C30-4312-BB15-84327FD682F6}.Debug|Any CPU.Build.0 = Debug|Any CPU
		{A560DAEE-6C30-4312-BB15-84327FD682F6}.EGP06.DRC|Any CPU.ActiveCfg = EGP06.DRC|Any CPU
		{A560DAEE-6C30-4312-BB15-84327FD682F6}.EGP06.DRC|Any CPU.Build.0 = EGP06.DRC|Any CPU
		{A560DAEE-6C30-4312-BB15-84327FD682F6}.EGP06.Learn|Any CPU.ActiveCfg = EGP06.Learn|Any CPU
		{A560DAEE-6C30-4312-BB15-84327FD682F6}.EGP06.Learn|Any CPU.Build.0 = EGP06.Learn|Any CPU
		{A560DAEE-6C30-4312-BB15-84327FD682F6}.EGP06.Prod|Any CPU.ActiveCfg = EGP06.Prod|Any CPU
		{A560DAEE-6C30-4312-BB15-84327FD682F6}.EGP06.Prod|Any CPU.Build.0 = EGP06.Prod|Any CPU
		{A560DAEE-6C30-4312-BB15-84327FD682F6}.EGP06.Test|Any CPU.ActiveCfg = EGP06.Test|Any CPU
		{A560DAEE-6C30-4312-BB15-84327FD682F6}.EGP06.Test|Any CPU.Build.0 = EGP06.Test|Any CPU
		{3D3839C5-3895-4331-8329-31BB6BE6140E}.Ciela.CI|Any CPU.ActiveCfg = Ciela.CI|Any CPU
		{3D3839C5-3895-4331-8329-31BB6BE6140E}.Ciela.CI|Any CPU.Build.0 = Ciela.CI|Any CPU
		{3D3839C5-3895-4331-8329-31BB6BE6140E}.David.CI|Any CPU.ActiveCfg = David.CI|Any CPU
		{3D3839C5-3895-4331-8329-31BB6BE6140E}.David.CI|Any CPU.Build.0 = David.CI|Any CPU
		{3D3839C5-3895-4331-8329-31BB6BE6140E}.Debug|Any CPU.ActiveCfg = Debug|Any CPU
		{3D3839C5-3895-4331-8329-31BB6BE6140E}.Debug|Any CPU.Build.0 = Debug|Any CPU
		{3D3839C5-3895-4331-8329-31BB6BE6140E}.EGP06.DRC|Any CPU.ActiveCfg = EGP06.DRC|Any CPU
		{3D3839C5-3895-4331-8329-31BB6BE6140E}.EGP06.DRC|Any CPU.Build.0 = EGP06.DRC|Any CPU
		{3D3839C5-3895-4331-8329-31BB6BE6140E}.EGP06.Learn|Any CPU.ActiveCfg = EGP06.Learn|Any CPU
		{3D3839C5-3895-4331-8329-31BB6BE6140E}.EGP06.Learn|Any CPU.Build.0 = EGP06.Learn|Any CPU
		{3D3839C5-3895-4331-8329-31BB6BE6140E}.EGP06.Prod|Any CPU.ActiveCfg = EGP06.Prod|Any CPU
		{3D3839C5-3895-4331-8329-31BB6BE6140E}.EGP06.Prod|Any CPU.Build.0 = EGP06.Prod|Any CPU
		{3D3839C5-3895-4331-8329-31BB6BE6140E}.EGP06.Test|Any CPU.ActiveCfg = EGP06.Test|Any CPU
		{3D3839C5-3895-4331-8329-31BB6BE6140E}.EGP06.Test|Any CPU.Build.0 = EGP06.Test|Any CPU
		{3D773C60-B683-4921-9FAA-ABAA06F940D4}.Ciela.CI|Any CPU.ActiveCfg = Ciela.CI|Any CPU
		{3D773C60-B683-4921-9FAA-ABAA06F940D4}.Ciela.CI|Any CPU.Build.0 = Ciela.CI|Any CPU
		{3D773C60-B683-4921-9FAA-ABAA06F940D4}.David.CI|Any CPU.ActiveCfg = David.CI|Any CPU
		{3D773C60-B683-4921-9FAA-ABAA06F940D4}.David.CI|Any CPU.Build.0 = David.CI|Any CPU
		{3D773C60-B683-4921-9FAA-ABAA06F940D4}.Debug|Any CPU.ActiveCfg = Debug|Any CPU
		{3D773C60-B683-4921-9FAA-ABAA06F940D4}.Debug|Any CPU.Build.0 = Debug|Any CPU
		{3D773C60-B683-4921-9FAA-ABAA06F940D4}.EGP06.DRC|Any CPU.ActiveCfg = EGP06.DRC|Any CPU
		{3D773C60-B683-4921-9FAA-ABAA06F940D4}.EGP06.DRC|Any CPU.Build.0 = EGP06.DRC|Any CPU
		{3D773C60-B683-4921-9FAA-ABAA06F940D4}.EGP06.Learn|Any CPU.ActiveCfg = EGP06.Learn|Any CPU
		{3D773C60-B683-4921-9FAA-ABAA06F940D4}.EGP06.Learn|Any CPU.Build.0 = EGP06.Learn|Any CPU
		{3D773C60-B683-4921-9FAA-ABAA06F940D4}.EGP06.Prod|Any CPU.ActiveCfg = EGP06.Prod|Any CPU
		{3D773C60-B683-4921-9FAA-ABAA06F940D4}.EGP06.Prod|Any CPU.Build.0 = EGP06.Prod|Any CPU
		{3D773C60-B683-4921-9FAA-ABAA06F940D4}.EGP06.Test|Any CPU.ActiveCfg = EGP06.Test|Any CPU
		{3D773C60-B683-4921-9FAA-ABAA06F940D4}.EGP06.Test|Any CPU.Build.0 = EGP06.Test|Any CPU
		{07ABED2C-2824-4A5D-B639-20A6D048E7AD}.Ciela.CI|Any CPU.ActiveCfg = Ciela.CI|Any CPU
		{07ABED2C-2824-4A5D-B639-20A6D048E7AD}.Ciela.CI|Any CPU.Build.0 = Ciela.CI|Any CPU
		{07ABED2C-2824-4A5D-B639-20A6D048E7AD}.David.CI|Any CPU.ActiveCfg = David.CI|Any CPU
		{07ABED2C-2824-4A5D-B639-20A6D048E7AD}.David.CI|Any CPU.Build.0 = David.CI|Any CPU
		{07ABED2C-2824-4A5D-B639-20A6D048E7AD}.Debug|Any CPU.ActiveCfg = Debug|Any CPU
		{07ABED2C-2824-4A5D-B639-20A6D048E7AD}.Debug|Any CPU.Build.0 = Debug|Any CPU
		{07ABED2C-2824-4A5D-B639-20A6D048E7AD}.EGP06.DRC|Any CPU.ActiveCfg = EGP06.DRC|Any CPU
		{07ABED2C-2824-4A5D-B639-20A6D048E7AD}.EGP06.DRC|Any CPU.Build.0 = EGP06.DRC|Any CPU
		{07ABED2C-2824-4A5D-B639-20A6D048E7AD}.EGP06.Learn|Any CPU.ActiveCfg = EGP06.Learn|Any CPU
		{07ABED2C-2824-4A5D-B639-20A6D048E7AD}.EGP06.Learn|Any CPU.Build.0 = EGP06.Learn|Any CPU
		{07ABED2C-2824-4A5D-B639-20A6D048E7AD}.EGP06.Prod|Any CPU.ActiveCfg = EGP06.Prod|Any CPU
		{07ABED2C-2824-4A5D-B639-20A6D048E7AD}.EGP06.Prod|Any CPU.Build.0 = EGP06.Prod|Any CPU
		{07ABED2C-2824-4A5D-B639-20A6D048E7AD}.EGP06.Test|Any CPU.ActiveCfg = EGP06.Test|Any CPU
		{07ABED2C-2824-4A5D-B639-20A6D048E7AD}.EGP06.Test|Any CPU.Build.0 = EGP06.Test|Any CPU
		{EB2423F7-3BBC-4F51-8BAA-0913A922FE76}.Ciela.CI|Any CPU.ActiveCfg = Ciela.CI|Any CPU
		{EB2423F7-3BBC-4F51-8BAA-0913A922FE76}.Ciela.CI|Any CPU.Build.0 = Ciela.CI|Any CPU
		{EB2423F7-3BBC-4F51-8BAA-0913A922FE76}.David.CI|Any CPU.ActiveCfg = David.CI|Any CPU
		{EB2423F7-3BBC-4F51-8BAA-0913A922FE76}.David.CI|Any CPU.Build.0 = David.CI|Any CPU
		{EB2423F7-3BBC-4F51-8BAA-0913A922FE76}.Debug|Any CPU.ActiveCfg = Debug|Any CPU
		{EB2423F7-3BBC-4F51-8BAA-0913A922FE76}.Debug|Any CPU.Build.0 = Debug|Any CPU
		{EB2423F7-3BBC-4F51-8BAA-0913A922FE76}.EGP06.DRC|Any CPU.ActiveCfg = EGP06.DRC|Any CPU
		{EB2423F7-3BBC-4F51-8BAA-0913A922FE76}.EGP06.DRC|Any CPU.Build.0 = EGP06.DRC|Any CPU
		{EB2423F7-3BBC-4F51-8BAA-0913A922FE76}.EGP06.Learn|Any CPU.ActiveCfg = EGP06.Learn|Any CPU
		{EB2423F7-3BBC-4F51-8BAA-0913A922FE76}.EGP06.Learn|Any CPU.Build.0 = EGP06.Learn|Any CPU
		{EB2423F7-3BBC-4F51-8BAA-0913A922FE76}.EGP06.Prod|Any CPU.ActiveCfg = EGP06.Prod|Any CPU
		{EB2423F7-3BBC-4F51-8BAA-0913A922FE76}.EGP06.Prod|Any CPU.Build.0 = EGP06.Prod|Any CPU
		{EB2423F7-3BBC-4F51-8BAA-0913A922FE76}.EGP06.Test|Any CPU.ActiveCfg = EGP06.Test|Any CPU
		{EB2423F7-3BBC-4F51-8BAA-0913A922FE76}.EGP06.Test|Any CPU.Build.0 = EGP06.Test|Any CPU
		{57119069-6CA3-4AC9-9E01-7AAD6FCA99B6}.Ciela.CI|Any CPU.ActiveCfg = Ciela.CI|Any CPU
		{57119069-6CA3-4AC9-9E01-7AAD6FCA99B6}.Ciela.CI|Any CPU.Build.0 = Ciela.CI|Any CPU
		{57119069-6CA3-4AC9-9E01-7AAD6FCA99B6}.David.CI|Any CPU.ActiveCfg = David.CI|Any CPU
		{57119069-6CA3-4AC9-9E01-7AAD6FCA99B6}.David.CI|Any CPU.Build.0 = David.CI|Any CPU
		{57119069-6CA3-4AC9-9E01-7AAD6FCA99B6}.Debug|Any CPU.ActiveCfg = Debug|Any CPU
		{57119069-6CA3-4AC9-9E01-7AAD6FCA99B6}.Debug|Any CPU.Build.0 = Debug|Any CPU
		{57119069-6CA3-4AC9-9E01-7AAD6FCA99B6}.EGP06.DRC|Any CPU.ActiveCfg = EGP06.DRC|Any CPU
		{57119069-6CA3-4AC9-9E01-7AAD6FCA99B6}.EGP06.DRC|Any CPU.Build.0 = EGP06.DRC|Any CPU
		{57119069-6CA3-4AC9-9E01-7AAD6FCA99B6}.EGP06.Learn|Any CPU.ActiveCfg = EGP06.Learn|Any CPU
		{57119069-6CA3-4AC9-9E01-7AAD6FCA99B6}.EGP06.Learn|Any CPU.Build.0 = EGP06.Learn|Any CPU
		{57119069-6CA3-4AC9-9E01-7AAD6FCA99B6}.EGP06.Prod|Any CPU.ActiveCfg = EGP06.Prod|Any CPU
		{57119069-6CA3-4AC9-9E01-7AAD6FCA99B6}.EGP06.Prod|Any CPU.Build.0 = EGP06.Prod|Any CPU
		{57119069-6CA3-4AC9-9E01-7AAD6FCA99B6}.EGP06.Test|Any CPU.ActiveCfg = EGP06.Test|Any CPU
		{57119069-6CA3-4AC9-9E01-7AAD6FCA99B6}.EGP06.Test|Any CPU.Build.0 = EGP06.Test|Any CPU
	EndGlobalSection
	GlobalSection(SolutionProperties) = preSolution
		HideSolutionNode = FALSE
	EndGlobalSection
	GlobalSection(ExtensibilityGlobals) = postSolution
		SolutionGuid = {E4183724-D186-4A48-9D70-5C2CAE6A8DAD}
	EndGlobalSection
EndGlobal
