
Microsoft Visual Studio Solution File, Format Version 12.00
# Visual Studio Version 16
VisualStudioVersion = 16.0.29418.71
MinimumVisualStudioVersion = 10.0.40219.1
Project("{FAE04EC0-301F-11D3-BF4B-00C04F79EFBC}") = "Eumis.Web.Host", "Eumis.Web.Host\Eumis.Web.Host.csproj", "{8521F601-B085-4ECE-BFC5-DD828B3BD457}"
EndProject
Project("{FAE04EC0-301F-11D3-BF4B-00C04F79EFBC}") = "Eumis.Web.App", "Eumis.Web.App\Eumis.Web.App.csproj", "{25FC37E9-C9B1-4080-B2DB-A073C620449E}"
EndProject
Project("{FAE04EC0-301F-11D3-BF4B-00C04F79EFBC}") = "Eumis.Domain", "Eumis.Domain\Eumis.Domain.csproj", "{2A54B65E-7CAC-4397-8266-60B9F10D7463}"
EndProject
Project("{FAE04EC0-301F-11D3-BF4B-00C04F79EFBC}") = "Eumis.Web.Api", "Eumis.Web.Api\Eumis.Web.Api.csproj", "{D96796C4-97C8-40D0-8430-1EBBD0D88170}"
EndProject
Project("{FAE04EC0-301F-11D3-BF4B-00C04F79EFBC}") = "Eumis.Database", "Eumis.Database\Eumis.Database.csproj", "{875E9690-8157-4924-B623-64EA53A1FBEF}"
EndProject
Project("{FAE04EC0-301F-11D3-BF4B-00C04F79EFBC}") = "Eumis.Data", "Eumis.Data\Eumis.Data.csproj", "{31E2413E-7640-490C-9120-C91C7E6B0040}"
EndProject
Project("{FAE04EC0-301F-11D3-BF4B-00C04F79EFBC}") = "Eumis.Common", "Eumis.Common\Eumis.Common.csproj", "{DFC4F396-946C-440C-9D39-4D541DFCE6F0}"
EndProject
Project("{FAE04EC0-301F-11D3-BF4B-00C04F79EFBC}") = "Eumis.Blob.Host", "Eumis.Blob.Host\Eumis.Blob.Host.csproj", "{6F0D5F1E-56C4-4A52-8AE1-9ACDC46881BE}"
EndProject
Project("{FAE04EC0-301F-11D3-BF4B-00C04F79EFBC}") = "Eumis.Blob.Database", "Eumis.Blob.Database\Eumis.Blob.Database.csproj", "{7BE3B8F9-D8F3-4AC4-989A-EF219590BA13}"
EndProject
Project("{FAE04EC0-301F-11D3-BF4B-00C04F79EFBC}") = "Eumis.PortalIntegration.Api", "Eumis.PortalIntegration.Api\Eumis.PortalIntegration.Api.csproj", "{0EB8E0B5-1F75-4E88-85B6-AF0B812D85E8}"
EndProject
Project("{FAE04EC0-301F-11D3-BF4B-00C04F79EFBC}") = "Eumis.PortalIntegration.Host", "Eumis.PortalIntegration.Host\Eumis.PortalIntegration.Host.csproj", "{69BE4832-A852-4877-98F7-9450ED1CC0FD}"
EndProject
Project("{FAE04EC0-301F-11D3-BF4B-00C04F79EFBC}") = "Eumis.Authentication", "Eumis.Authentication\Eumis.Authentication.csproj", "{8D22F04A-DE55-4078-A3EC-8BC86BCB861F}"
EndProject
Project("{FAE04EC0-301F-11D3-BF4B-00C04F79EFBC}") = "Eumis.Log", "Eumis.Log\Eumis.Log.csproj", "{716B39B1-8609-4834-829C-B4C8A71202C8}"
EndProject
Project("{FAE04EC0-301F-11D3-BF4B-00C04F79EFBC}") = "Eumis.Rio", "Eumis.Rio\Eumis.Rio.csproj", "{AE6E8F22-5574-40E6-9C19-212794757C57}"
EndProject
Project("{FAE04EC0-301F-11D3-BF4B-00C04F79EFBC}") = "Eumis.XsdClassGenerator", "Eumis.XsdClassGenerator\Eumis.XsdClassGenerator.csproj", "{58A2D44A-A67A-4AD4-B5AB-52FDD6A9ED5E}"
EndProject
Project("{FAE04EC0-301F-11D3-BF4B-00C04F79EFBC}") = "Eumis.Job.Host", "Eumis.Job.Host\Eumis.Job.Host.csproj", "{560B28B2-ABDA-462B-A018-6E99AF7158D2}"
EndProject
Project("{2150E333-8FDC-42A3-9474-1A3956D46DE8}") = "NCalc", "NCalc", "{1C6A1772-A49E-4E72-8970-F8CED09DAE20}"
EndProject
Project("{FAE04EC0-301F-11D3-BF4B-00C04F79EFBC}") = "NCalc", "NCalc\Evaluant.Calculator\NCalc.csproj", "{5F014003-50D8-49E0-8AFE-91D38DCCC97C}"
EndProject
Project("{FAE04EC0-301F-11D3-BF4B-00C04F79EFBC}") = "NCalc.Tests", "NCalc\Evaluant.Calculator.Tests\NCalc.Tests.csproj", "{F8E5E800-F842-4F84-A0C6-B3E1E5DB2BB4}"
EndProject
Project("{FAE04EC0-301F-11D3-BF4B-00C04F79EFBC}") = "Eumis.Database.Updater", "Eumis.Database.Updater\Eumis.Database.Updater.csproj", "{C7EBD385-9601-44C7-9C67-109A836E3145}"
EndProject
Project("{FAE04EC0-301F-11D3-BF4B-00C04F79EFBC}") = "Eumis.Domain.Test", "Eumis.Domain.Test\Eumis.Domain.Test.csproj", "{9231A809-9326-43C0-85F7-2B5910543665}"
EndProject
Project("{FAE04EC0-301F-11D3-BF4B-00C04F79EFBC}") = "Eumis.Database.Configurator", "Eumis.Database.Configurator\Eumis.Database.Configurator.csproj", "{412C9024-804E-4D4A-ABC1-535AAB7D5CF6}"
EndProject
Project("{FAE04EC0-301F-11D3-BF4B-00C04F79EFBC}") = "Eumis.Print", "Eumis.Print\Eumis.Print.csproj", "{DF475D02-092C-429F-9646-EBB075AF2E9F}"
EndProject
Project("{FAE04EC0-301F-11D3-BF4B-00C04F79EFBC}") = "Eumis.ApplicationServices", "Eumis.ApplicationServices\Eumis.ApplicationServices.csproj", "{FB96DC11-94F4-4F39-93E4-7D4D7F4B47DC}"
EndProject
Project("{FAE04EC0-301F-11D3-BF4B-00C04F79EFBC}") = "Eumis.Log.Database", "Eumis.Log.Database\Eumis.Log.Database.csproj", "{4F3A7C14-3D42-4FEC-91A4-07BF049D127E}"
EndProject
Project("{FAE04EC0-301F-11D3-BF4B-00C04F79EFBC}") = "EntityFramework.Utilities", "EntityFramework.Utilities\EntityFramework.Utilities.csproj", "{C3211BAC-13F0-42A7-924C-34BB0EE77914}"
EndProject
Project("{2150E333-8FDC-42A3-9474-1A3956D46DE8}") = "Tools", "Tools", "{C9AC06E7-3DC9-4D54-B9D9-51C09E98E1B8}"
EndProject
Project("{9A19103F-16F7-4668-BE54-9A1E7A4F7556}") = "Eumis.Cli", "Eumis.Cli\Eumis.Cli.csproj", "{6F891EC9-8913-464C-A719-8FA218A24806}"
EndProject
Project("{2150E333-8FDC-42A3-9474-1A3956D46DE8}") = "Solution Items", "Solution Items", "{4AE07968-494E-45C1-8FD4-1188E46E424D}"
	ProjectSection(SolutionItems) = preProject
		Eumis.ruleset = Eumis.ruleset
	EndProjectSection
EndProject
Project("{2150E333-8FDC-42A3-9474-1A3956D46DE8}") = "Misc", "Misc", "{EB6C04CC-0801-44C2-A9C8-822ACF670C41}"
EndProject
Project("{159641D6-6404-4A2A-AE62-294DE0FE8301}") = "Eumis.DbMove", "Eumis.DbMove\Eumis.DbMove.dtproj", "{5C1AE581-33EE-49AD-88A4-AEC4AC523791}"
EndProject
Project("{FAE04EC0-301F-11D3-BF4B-00C04F79EFBC}") = "Eumis.Integration.Api", "Eumis.Integration.Api\Eumis.Integration.Api.csproj", "{55064BB0-C39B-4A02-8375-C3BF1A29725A}"
EndProject
Project("{FAE04EC0-301F-11D3-BF4B-00C04F79EFBC}") = "Eumis.Integration.Host", "Eumis.Integration.Host\Eumis.Integration.Host.csproj", "{2F240798-29DA-4813-BEBB-EFAE376A35D4}"
EndProject
Global
	GlobalSection(SolutionConfigurationPlatforms) = preSolution
		Ciela.CI|Any CPU = Ciela.CI|Any CPU
		David.CI|Any CPU = David.CI|Any CPU
		Debug|Any CPU = Debug|Any CPU
		Development|Any CPU = Development|Any CPU
		EGP06.DRC|Any CPU = EGP06.DRC|Any CPU
		EGP06.Learn|Any CPU = EGP06.Learn|Any CPU
		EGP06.Prod|Any CPU = EGP06.Prod|Any CPU
		EGP06.Test|Any CPU = EGP06.Test|Any CPU
		Release|Any CPU = Release|Any CPU
	EndGlobalSection
	GlobalSection(ProjectConfigurationPlatforms) = postSolution
		{8521F601-B085-4ECE-BFC5-DD828B3BD457}.Ciela.CI|Any CPU.ActiveCfg = Ciela.CI|Any CPU
		{8521F601-B085-4ECE-BFC5-DD828B3BD457}.Ciela.CI|Any CPU.Build.0 = Ciela.CI|Any CPU
		{8521F601-B085-4ECE-BFC5-DD828B3BD457}.David.CI|Any CPU.ActiveCfg = David.CI|Any CPU
		{8521F601-B085-4ECE-BFC5-DD828B3BD457}.David.CI|Any CPU.Build.0 = David.CI|Any CPU
		{8521F601-B085-4ECE-BFC5-DD828B3BD457}.Debug|Any CPU.ActiveCfg = Debug|Any CPU
		{8521F601-B085-4ECE-BFC5-DD828B3BD457}.Debug|Any CPU.Build.0 = Debug|Any CPU
		{8521F601-B085-4ECE-BFC5-DD828B3BD457}.Development|Any CPU.ActiveCfg = Debug|Any CPU
		{8521F601-B085-4ECE-BFC5-DD828B3BD457}.Development|Any CPU.Build.0 = Debug|Any CPU
		{8521F601-B085-4ECE-BFC5-DD828B3BD457}.EGP06.DRC|Any CPU.ActiveCfg = EGP06.DRC|Any CPU
		{8521F601-B085-4ECE-BFC5-DD828B3BD457}.EGP06.DRC|Any CPU.Build.0 = EGP06.DRC|Any CPU
		{8521F601-B085-4ECE-BFC5-DD828B3BD457}.EGP06.Learn|Any CPU.ActiveCfg = EGP06.Learn|Any CPU
		{8521F601-B085-4ECE-BFC5-DD828B3BD457}.EGP06.Learn|Any CPU.Build.0 = EGP06.Learn|Any CPU
		{8521F601-B085-4ECE-BFC5-DD828B3BD457}.EGP06.Prod|Any CPU.ActiveCfg = EGP06.Prod|Any CPU
		{8521F601-B085-4ECE-BFC5-DD828B3BD457}.EGP06.Prod|Any CPU.Build.0 = EGP06.Prod|Any CPU
		{8521F601-B085-4ECE-BFC5-DD828B3BD457}.EGP06.Test|Any CPU.ActiveCfg = EGP06.Test|Any CPU
		{8521F601-B085-4ECE-BFC5-DD828B3BD457}.EGP06.Test|Any CPU.Build.0 = EGP06.Test|Any CPU
		{8521F601-B085-4ECE-BFC5-DD828B3BD457}.Release|Any CPU.ActiveCfg = EGP06.Test|Any CPU
		{8521F601-B085-4ECE-BFC5-DD828B3BD457}.Release|Any CPU.Build.0 = EGP06.Test|Any CPU
		{25FC37E9-C9B1-4080-B2DB-A073C620449E}.Ciela.CI|Any CPU.ActiveCfg = Ciela.CI|Any CPU
		{25FC37E9-C9B1-4080-B2DB-A073C620449E}.Ciela.CI|Any CPU.Build.0 = Ciela.CI|Any CPU
		{25FC37E9-C9B1-4080-B2DB-A073C620449E}.David.CI|Any CPU.ActiveCfg = David.CI|Any CPU
		{25FC37E9-C9B1-4080-B2DB-A073C620449E}.David.CI|Any CPU.Build.0 = David.CI|Any CPU
		{25FC37E9-C9B1-4080-B2DB-A073C620449E}.Debug|Any CPU.ActiveCfg = Debug|Any CPU
		{25FC37E9-C9B1-4080-B2DB-A073C620449E}.Debug|Any CPU.Build.0 = Debug|Any CPU
		{25FC37E9-C9B1-4080-B2DB-A073C620449E}.Development|Any CPU.ActiveCfg = Debug|Any CPU
		{25FC37E9-C9B1-4080-B2DB-A073C620449E}.Development|Any CPU.Build.0 = Debug|Any CPU
		{25FC37E9-C9B1-4080-B2DB-A073C620449E}.EGP06.DRC|Any CPU.ActiveCfg = EGP06.DRC|Any CPU
		{25FC37E9-C9B1-4080-B2DB-A073C620449E}.EGP06.DRC|Any CPU.Build.0 = EGP06.DRC|Any CPU
		{25FC37E9-C9B1-4080-B2DB-A073C620449E}.EGP06.Learn|Any CPU.ActiveCfg = EGP06.Learn|Any CPU
		{25FC37E9-C9B1-4080-B2DB-A073C620449E}.EGP06.Learn|Any CPU.Build.0 = EGP06.Learn|Any CPU
		{25FC37E9-C9B1-4080-B2DB-A073C620449E}.EGP06.Prod|Any CPU.ActiveCfg = EGP06.Prod|Any CPU
		{25FC37E9-C9B1-4080-B2DB-A073C620449E}.EGP06.Prod|Any CPU.Build.0 = EGP06.Prod|Any CPU
		{25FC37E9-C9B1-4080-B2DB-A073C620449E}.EGP06.Test|Any CPU.ActiveCfg = EGP06.Test|Any CPU
		{25FC37E9-C9B1-4080-B2DB-A073C620449E}.EGP06.Test|Any CPU.Build.0 = EGP06.Test|Any CPU
		{25FC37E9-C9B1-4080-B2DB-A073C620449E}.Release|Any CPU.ActiveCfg = EGP06.Test|Any CPU
		{25FC37E9-C9B1-4080-B2DB-A073C620449E}.Release|Any CPU.Build.0 = EGP06.Test|Any CPU
		{2A54B65E-7CAC-4397-8266-60B9F10D7463}.Ciela.CI|Any CPU.ActiveCfg = Ciela.CI|Any CPU
		{2A54B65E-7CAC-4397-8266-60B9F10D7463}.Ciela.CI|Any CPU.Build.0 = Ciela.CI|Any CPU
		{2A54B65E-7CAC-4397-8266-60B9F10D7463}.David.CI|Any CPU.ActiveCfg = David.CI|Any CPU
		{2A54B65E-7CAC-4397-8266-60B9F10D7463}.David.CI|Any CPU.Build.0 = David.CI|Any CPU
		{2A54B65E-7CAC-4397-8266-60B9F10D7463}.Debug|Any CPU.ActiveCfg = Debug|Any CPU
		{2A54B65E-7CAC-4397-8266-60B9F10D7463}.Debug|Any CPU.Build.0 = Debug|Any CPU
		{2A54B65E-7CAC-4397-8266-60B9F10D7463}.Development|Any CPU.ActiveCfg = Debug|Any CPU
		{2A54B65E-7CAC-4397-8266-60B9F10D7463}.Development|Any CPU.Build.0 = Debug|Any CPU
		{2A54B65E-7CAC-4397-8266-60B9F10D7463}.EGP06.DRC|Any CPU.ActiveCfg = EGP06.DRC|Any CPU
		{2A54B65E-7CAC-4397-8266-60B9F10D7463}.EGP06.DRC|Any CPU.Build.0 = EGP06.DRC|Any CPU
		{2A54B65E-7CAC-4397-8266-60B9F10D7463}.EGP06.Learn|Any CPU.ActiveCfg = EGP06.Learn|Any CPU
		{2A54B65E-7CAC-4397-8266-60B9F10D7463}.EGP06.Learn|Any CPU.Build.0 = EGP06.Learn|Any CPU
		{2A54B65E-7CAC-4397-8266-60B9F10D7463}.EGP06.Prod|Any CPU.ActiveCfg = EGP06.Prod|Any CPU
		{2A54B65E-7CAC-4397-8266-60B9F10D7463}.EGP06.Prod|Any CPU.Build.0 = EGP06.Prod|Any CPU
		{2A54B65E-7CAC-4397-8266-60B9F10D7463}.EGP06.Test|Any CPU.ActiveCfg = EGP06.Test|Any CPU
		{2A54B65E-7CAC-4397-8266-60B9F10D7463}.EGP06.Test|Any CPU.Build.0 = EGP06.Test|Any CPU
		{2A54B65E-7CAC-4397-8266-60B9F10D7463}.Release|Any CPU.ActiveCfg = EGP06.Test|Any CPU
		{2A54B65E-7CAC-4397-8266-60B9F10D7463}.Release|Any CPU.Build.0 = EGP06.Test|Any CPU
		{D96796C4-97C8-40D0-8430-1EBBD0D88170}.Ciela.CI|Any CPU.ActiveCfg = Ciela.CI|Any CPU
		{D96796C4-97C8-40D0-8430-1EBBD0D88170}.Ciela.CI|Any CPU.Build.0 = Ciela.CI|Any CPU
		{D96796C4-97C8-40D0-8430-1EBBD0D88170}.David.CI|Any CPU.ActiveCfg = David.CI|Any CPU
		{D96796C4-97C8-40D0-8430-1EBBD0D88170}.David.CI|Any CPU.Build.0 = David.CI|Any CPU
		{D96796C4-97C8-40D0-8430-1EBBD0D88170}.Debug|Any CPU.ActiveCfg = Debug|Any CPU
		{D96796C4-97C8-40D0-8430-1EBBD0D88170}.Debug|Any CPU.Build.0 = Debug|Any CPU
		{D96796C4-97C8-40D0-8430-1EBBD0D88170}.Development|Any CPU.ActiveCfg = Debug|Any CPU
		{D96796C4-97C8-40D0-8430-1EBBD0D88170}.Development|Any CPU.Build.0 = Debug|Any CPU
		{D96796C4-97C8-40D0-8430-1EBBD0D88170}.EGP06.DRC|Any CPU.ActiveCfg = EGP06.DRC|Any CPU
		{D96796C4-97C8-40D0-8430-1EBBD0D88170}.EGP06.DRC|Any CPU.Build.0 = EGP06.DRC|Any CPU
		{D96796C4-97C8-40D0-8430-1EBBD0D88170}.EGP06.Learn|Any CPU.ActiveCfg = EGP06.Learn|Any CPU
		{D96796C4-97C8-40D0-8430-1EBBD0D88170}.EGP06.Learn|Any CPU.Build.0 = EGP06.Learn|Any CPU
		{D96796C4-97C8-40D0-8430-1EBBD0D88170}.EGP06.Prod|Any CPU.ActiveCfg = EGP06.Prod|Any CPU
		{D96796C4-97C8-40D0-8430-1EBBD0D88170}.EGP06.Prod|Any CPU.Build.0 = EGP06.Prod|Any CPU
		{D96796C4-97C8-40D0-8430-1EBBD0D88170}.EGP06.Test|Any CPU.ActiveCfg = EGP06.Test|Any CPU
		{D96796C4-97C8-40D0-8430-1EBBD0D88170}.EGP06.Test|Any CPU.Build.0 = EGP06.Test|Any CPU
		{D96796C4-97C8-40D0-8430-1EBBD0D88170}.Release|Any CPU.ActiveCfg = EGP06.Test|Any CPU
		{D96796C4-97C8-40D0-8430-1EBBD0D88170}.Release|Any CPU.Build.0 = EGP06.Test|Any CPU
		{875E9690-8157-4924-B623-64EA53A1FBEF}.Ciela.CI|Any CPU.ActiveCfg = Ciela.CI|Any CPU
		{875E9690-8157-4924-B623-64EA53A1FBEF}.David.CI|Any CPU.ActiveCfg = David.CI|Any CPU
		{875E9690-8157-4924-B623-64EA53A1FBEF}.Debug|Any CPU.ActiveCfg = Debug|Any CPU
		{875E9690-8157-4924-B623-64EA53A1FBEF}.Development|Any CPU.ActiveCfg = Debug|Any CPU
		{875E9690-8157-4924-B623-64EA53A1FBEF}.Development|Any CPU.Build.0 = Debug|Any CPU
		{875E9690-8157-4924-B623-64EA53A1FBEF}.EGP06.DRC|Any CPU.ActiveCfg = EGP06.DRC|Any CPU
		{875E9690-8157-4924-B623-64EA53A1FBEF}.EGP06.Learn|Any CPU.ActiveCfg = EGP06.Learn|Any CPU
		{875E9690-8157-4924-B623-64EA53A1FBEF}.EGP06.Prod|Any CPU.ActiveCfg = EGP06.Prod|Any CPU
		{875E9690-8157-4924-B623-64EA53A1FBEF}.EGP06.Test|Any CPU.ActiveCfg = EGP06.Test|Any CPU
		{875E9690-8157-4924-B623-64EA53A1FBEF}.Release|Any CPU.ActiveCfg = EGP06.Test|Any CPU
		{875E9690-8157-4924-B623-64EA53A1FBEF}.Release|Any CPU.Build.0 = EGP06.Test|Any CPU
		{31E2413E-7640-490C-9120-C91C7E6B0040}.Ciela.CI|Any CPU.ActiveCfg = Ciela.CI|Any CPU
		{31E2413E-7640-490C-9120-C91C7E6B0040}.Ciela.CI|Any CPU.Build.0 = Ciela.CI|Any CPU
		{31E2413E-7640-490C-9120-C91C7E6B0040}.David.CI|Any CPU.ActiveCfg = David.CI|Any CPU
		{31E2413E-7640-490C-9120-C91C7E6B0040}.David.CI|Any CPU.Build.0 = David.CI|Any CPU
		{31E2413E-7640-490C-9120-C91C7E6B0040}.Debug|Any CPU.ActiveCfg = Debug|Any CPU
		{31E2413E-7640-490C-9120-C91C7E6B0040}.Debug|Any CPU.Build.0 = Debug|Any CPU
		{31E2413E-7640-490C-9120-C91C7E6B0040}.Development|Any CPU.ActiveCfg = Debug|Any CPU
		{31E2413E-7640-490C-9120-C91C7E6B0040}.Development|Any CPU.Build.0 = Debug|Any CPU
		{31E2413E-7640-490C-9120-C91C7E6B0040}.EGP06.DRC|Any CPU.ActiveCfg = EGP06.DRC|Any CPU
		{31E2413E-7640-490C-9120-C91C7E6B0040}.EGP06.DRC|Any CPU.Build.0 = EGP06.DRC|Any CPU
		{31E2413E-7640-490C-9120-C91C7E6B0040}.EGP06.Learn|Any CPU.ActiveCfg = EGP06.Learn|Any CPU
		{31E2413E-7640-490C-9120-C91C7E6B0040}.EGP06.Learn|Any CPU.Build.0 = EGP06.Learn|Any CPU
		{31E2413E-7640-490C-9120-C91C7E6B0040}.EGP06.Prod|Any CPU.ActiveCfg = EGP06.Prod|Any CPU
		{31E2413E-7640-490C-9120-C91C7E6B0040}.EGP06.Prod|Any CPU.Build.0 = EGP06.Prod|Any CPU
		{31E2413E-7640-490C-9120-C91C7E6B0040}.EGP06.Test|Any CPU.ActiveCfg = EGP06.Test|Any CPU
		{31E2413E-7640-490C-9120-C91C7E6B0040}.EGP06.Test|Any CPU.Build.0 = EGP06.Test|Any CPU
		{31E2413E-7640-490C-9120-C91C7E6B0040}.Release|Any CPU.ActiveCfg = EGP06.Test|Any CPU
		{31E2413E-7640-490C-9120-C91C7E6B0040}.Release|Any CPU.Build.0 = EGP06.Test|Any CPU
		{DFC4F396-946C-440C-9D39-4D541DFCE6F0}.Ciela.CI|Any CPU.ActiveCfg = Ciela.CI|Any CPU
		{DFC4F396-946C-440C-9D39-4D541DFCE6F0}.Ciela.CI|Any CPU.Build.0 = Ciela.CI|Any CPU
		{DFC4F396-946C-440C-9D39-4D541DFCE6F0}.David.CI|Any CPU.ActiveCfg = David.CI|Any CPU
		{DFC4F396-946C-440C-9D39-4D541DFCE6F0}.David.CI|Any CPU.Build.0 = David.CI|Any CPU
		{DFC4F396-946C-440C-9D39-4D541DFCE6F0}.Debug|Any CPU.ActiveCfg = Debug|Any CPU
		{DFC4F396-946C-440C-9D39-4D541DFCE6F0}.Debug|Any CPU.Build.0 = Debug|Any CPU
		{DFC4F396-946C-440C-9D39-4D541DFCE6F0}.Development|Any CPU.ActiveCfg = Debug|Any CPU
		{DFC4F396-946C-440C-9D39-4D541DFCE6F0}.Development|Any CPU.Build.0 = Debug|Any CPU
		{DFC4F396-946C-440C-9D39-4D541DFCE6F0}.EGP06.DRC|Any CPU.ActiveCfg = EGP06.DRC|Any CPU
		{DFC4F396-946C-440C-9D39-4D541DFCE6F0}.EGP06.DRC|Any CPU.Build.0 = EGP06.DRC|Any CPU
		{DFC4F396-946C-440C-9D39-4D541DFCE6F0}.EGP06.Learn|Any CPU.ActiveCfg = EGP06.Learn|Any CPU
		{DFC4F396-946C-440C-9D39-4D541DFCE6F0}.EGP06.Learn|Any CPU.Build.0 = EGP06.Learn|Any CPU
		{DFC4F396-946C-440C-9D39-4D541DFCE6F0}.EGP06.Prod|Any CPU.ActiveCfg = EGP06.Prod|Any CPU
		{DFC4F396-946C-440C-9D39-4D541DFCE6F0}.EGP06.Prod|Any CPU.Build.0 = EGP06.Prod|Any CPU
		{DFC4F396-946C-440C-9D39-4D541DFCE6F0}.EGP06.Test|Any CPU.ActiveCfg = EGP06.Test|Any CPU
		{DFC4F396-946C-440C-9D39-4D541DFCE6F0}.EGP06.Test|Any CPU.Build.0 = EGP06.Test|Any CPU
		{DFC4F396-946C-440C-9D39-4D541DFCE6F0}.Release|Any CPU.ActiveCfg = EGP06.Test|Any CPU
		{DFC4F396-946C-440C-9D39-4D541DFCE6F0}.Release|Any CPU.Build.0 = EGP06.Test|Any CPU
		{6F0D5F1E-56C4-4A52-8AE1-9ACDC46881BE}.Ciela.CI|Any CPU.ActiveCfg = Ciela.CI|Any CPU
		{6F0D5F1E-56C4-4A52-8AE1-9ACDC46881BE}.Ciela.CI|Any CPU.Build.0 = Ciela.CI|Any CPU
		{6F0D5F1E-56C4-4A52-8AE1-9ACDC46881BE}.David.CI|Any CPU.ActiveCfg = David.CI|Any CPU
		{6F0D5F1E-56C4-4A52-8AE1-9ACDC46881BE}.David.CI|Any CPU.Build.0 = David.CI|Any CPU
		{6F0D5F1E-56C4-4A52-8AE1-9ACDC46881BE}.Debug|Any CPU.ActiveCfg = Debug|Any CPU
		{6F0D5F1E-56C4-4A52-8AE1-9ACDC46881BE}.Debug|Any CPU.Build.0 = Debug|Any CPU
		{6F0D5F1E-56C4-4A52-8AE1-9ACDC46881BE}.Development|Any CPU.ActiveCfg = Debug|Any CPU
		{6F0D5F1E-56C4-4A52-8AE1-9ACDC46881BE}.Development|Any CPU.Build.0 = Debug|Any CPU
		{6F0D5F1E-56C4-4A52-8AE1-9ACDC46881BE}.EGP06.DRC|Any CPU.ActiveCfg = EGP06.DRC|Any CPU
		{6F0D5F1E-56C4-4A52-8AE1-9ACDC46881BE}.EGP06.DRC|Any CPU.Build.0 = EGP06.DRC|Any CPU
		{6F0D5F1E-56C4-4A52-8AE1-9ACDC46881BE}.EGP06.Learn|Any CPU.ActiveCfg = EGP06.Learn|Any CPU
		{6F0D5F1E-56C4-4A52-8AE1-9ACDC46881BE}.EGP06.Learn|Any CPU.Build.0 = EGP06.Learn|Any CPU
		{6F0D5F1E-56C4-4A52-8AE1-9ACDC46881BE}.EGP06.Prod|Any CPU.ActiveCfg = EGP06.Prod|Any CPU
		{6F0D5F1E-56C4-4A52-8AE1-9ACDC46881BE}.EGP06.Prod|Any CPU.Build.0 = EGP06.Prod|Any CPU
		{6F0D5F1E-56C4-4A52-8AE1-9ACDC46881BE}.EGP06.Test|Any CPU.ActiveCfg = EGP06.Test|Any CPU
		{6F0D5F1E-56C4-4A52-8AE1-9ACDC46881BE}.EGP06.Test|Any CPU.Build.0 = EGP06.Test|Any CPU
		{6F0D5F1E-56C4-4A52-8AE1-9ACDC46881BE}.Release|Any CPU.ActiveCfg = EGP06.Test|Any CPU
		{6F0D5F1E-56C4-4A52-8AE1-9ACDC46881BE}.Release|Any CPU.Build.0 = EGP06.Test|Any CPU
		{7BE3B8F9-D8F3-4AC4-989A-EF219590BA13}.Ciela.CI|Any CPU.ActiveCfg = Ciela.CI|Any CPU
		{7BE3B8F9-D8F3-4AC4-989A-EF219590BA13}.David.CI|Any CPU.ActiveCfg = David.CI|Any CPU
		{7BE3B8F9-D8F3-4AC4-989A-EF219590BA13}.Debug|Any CPU.ActiveCfg = Debug|Any CPU
		{7BE3B8F9-D8F3-4AC4-989A-EF219590BA13}.Development|Any CPU.ActiveCfg = Debug|Any CPU
		{7BE3B8F9-D8F3-4AC4-989A-EF219590BA13}.Development|Any CPU.Build.0 = Debug|Any CPU
		{7BE3B8F9-D8F3-4AC4-989A-EF219590BA13}.EGP06.DRC|Any CPU.ActiveCfg = EGP06.DRC|Any CPU
		{7BE3B8F9-D8F3-4AC4-989A-EF219590BA13}.EGP06.Learn|Any CPU.ActiveCfg = EGP06.Learn|Any CPU
		{7BE3B8F9-D8F3-4AC4-989A-EF219590BA13}.EGP06.Prod|Any CPU.ActiveCfg = EGP06.Prod|Any CPU
		{7BE3B8F9-D8F3-4AC4-989A-EF219590BA13}.EGP06.Test|Any CPU.ActiveCfg = EGP06.Test|Any CPU
		{7BE3B8F9-D8F3-4AC4-989A-EF219590BA13}.Release|Any CPU.ActiveCfg = EGP06.Test|Any CPU
		{7BE3B8F9-D8F3-4AC4-989A-EF219590BA13}.Release|Any CPU.Build.0 = EGP06.Test|Any CPU
		{0EB8E0B5-1F75-4E88-85B6-AF0B812D85E8}.Ciela.CI|Any CPU.ActiveCfg = Ciela.CI|Any CPU
		{0EB8E0B5-1F75-4E88-85B6-AF0B812D85E8}.Ciela.CI|Any CPU.Build.0 = Ciela.CI|Any CPU
		{0EB8E0B5-1F75-4E88-85B6-AF0B812D85E8}.David.CI|Any CPU.ActiveCfg = David.CI|Any CPU
		{0EB8E0B5-1F75-4E88-85B6-AF0B812D85E8}.David.CI|Any CPU.Build.0 = David.CI|Any CPU
		{0EB8E0B5-1F75-4E88-85B6-AF0B812D85E8}.Debug|Any CPU.ActiveCfg = Debug|Any CPU
		{0EB8E0B5-1F75-4E88-85B6-AF0B812D85E8}.Debug|Any CPU.Build.0 = Debug|Any CPU
		{0EB8E0B5-1F75-4E88-85B6-AF0B812D85E8}.Development|Any CPU.ActiveCfg = Debug|Any CPU
		{0EB8E0B5-1F75-4E88-85B6-AF0B812D85E8}.Development|Any CPU.Build.0 = Debug|Any CPU
		{0EB8E0B5-1F75-4E88-85B6-AF0B812D85E8}.EGP06.DRC|Any CPU.ActiveCfg = EGP06.DRC|Any CPU
		{0EB8E0B5-1F75-4E88-85B6-AF0B812D85E8}.EGP06.DRC|Any CPU.Build.0 = EGP06.DRC|Any CPU
		{0EB8E0B5-1F75-4E88-85B6-AF0B812D85E8}.EGP06.Learn|Any CPU.ActiveCfg = EGP06.Learn|Any CPU
		{0EB8E0B5-1F75-4E88-85B6-AF0B812D85E8}.EGP06.Learn|Any CPU.Build.0 = EGP06.Learn|Any CPU
		{0EB8E0B5-1F75-4E88-85B6-AF0B812D85E8}.EGP06.Prod|Any CPU.ActiveCfg = EGP06.Prod|Any CPU
		{0EB8E0B5-1F75-4E88-85B6-AF0B812D85E8}.EGP06.Prod|Any CPU.Build.0 = EGP06.Prod|Any CPU
		{0EB8E0B5-1F75-4E88-85B6-AF0B812D85E8}.EGP06.Test|Any CPU.ActiveCfg = EGP06.Test|Any CPU
		{0EB8E0B5-1F75-4E88-85B6-AF0B812D85E8}.EGP06.Test|Any CPU.Build.0 = EGP06.Test|Any CPU
		{0EB8E0B5-1F75-4E88-85B6-AF0B812D85E8}.Release|Any CPU.ActiveCfg = EGP06.Test|Any CPU
		{0EB8E0B5-1F75-4E88-85B6-AF0B812D85E8}.Release|Any CPU.Build.0 = EGP06.Test|Any CPU
		{69BE4832-A852-4877-98F7-9450ED1CC0FD}.Ciela.CI|Any CPU.ActiveCfg = Ciela.CI|Any CPU
		{69BE4832-A852-4877-98F7-9450ED1CC0FD}.Ciela.CI|Any CPU.Build.0 = Ciela.CI|Any CPU
		{69BE4832-A852-4877-98F7-9450ED1CC0FD}.David.CI|Any CPU.ActiveCfg = David.CI|Any CPU
		{69BE4832-A852-4877-98F7-9450ED1CC0FD}.David.CI|Any CPU.Build.0 = David.CI|Any CPU
		{69BE4832-A852-4877-98F7-9450ED1CC0FD}.Debug|Any CPU.ActiveCfg = Debug|Any CPU
		{69BE4832-A852-4877-98F7-9450ED1CC0FD}.Debug|Any CPU.Build.0 = Debug|Any CPU
		{69BE4832-A852-4877-98F7-9450ED1CC0FD}.Development|Any CPU.ActiveCfg = Debug|Any CPU
		{69BE4832-A852-4877-98F7-9450ED1CC0FD}.Development|Any CPU.Build.0 = Debug|Any CPU
		{69BE4832-A852-4877-98F7-9450ED1CC0FD}.EGP06.DRC|Any CPU.ActiveCfg = EGP06.DRC|Any CPU
		{69BE4832-A852-4877-98F7-9450ED1CC0FD}.EGP06.DRC|Any CPU.Build.0 = EGP06.DRC|Any CPU
		{69BE4832-A852-4877-98F7-9450ED1CC0FD}.EGP06.Learn|Any CPU.ActiveCfg = EGP06.Learn|Any CPU
		{69BE4832-A852-4877-98F7-9450ED1CC0FD}.EGP06.Learn|Any CPU.Build.0 = EGP06.Learn|Any CPU
		{69BE4832-A852-4877-98F7-9450ED1CC0FD}.EGP06.Prod|Any CPU.ActiveCfg = EGP06.Prod|Any CPU
		{69BE4832-A852-4877-98F7-9450ED1CC0FD}.EGP06.Prod|Any CPU.Build.0 = EGP06.Prod|Any CPU
		{69BE4832-A852-4877-98F7-9450ED1CC0FD}.EGP06.Test|Any CPU.ActiveCfg = EGP06.Test|Any CPU
		{69BE4832-A852-4877-98F7-9450ED1CC0FD}.EGP06.Test|Any CPU.Build.0 = EGP06.Test|Any CPU
		{69BE4832-A852-4877-98F7-9450ED1CC0FD}.Release|Any CPU.ActiveCfg = EGP06.Test|Any CPU
		{69BE4832-A852-4877-98F7-9450ED1CC0FD}.Release|Any CPU.Build.0 = EGP06.Test|Any CPU
		{8D22F04A-DE55-4078-A3EC-8BC86BCB861F}.Ciela.CI|Any CPU.ActiveCfg = Ciela.CI|Any CPU
		{8D22F04A-DE55-4078-A3EC-8BC86BCB861F}.Ciela.CI|Any CPU.Build.0 = Ciela.CI|Any CPU
		{8D22F04A-DE55-4078-A3EC-8BC86BCB861F}.David.CI|Any CPU.ActiveCfg = David.CI|Any CPU
		{8D22F04A-DE55-4078-A3EC-8BC86BCB861F}.David.CI|Any CPU.Build.0 = David.CI|Any CPU
		{8D22F04A-DE55-4078-A3EC-8BC86BCB861F}.Debug|Any CPU.ActiveCfg = Debug|Any CPU
		{8D22F04A-DE55-4078-A3EC-8BC86BCB861F}.Debug|Any CPU.Build.0 = Debug|Any CPU
		{8D22F04A-DE55-4078-A3EC-8BC86BCB861F}.Development|Any CPU.ActiveCfg = Debug|Any CPU
		{8D22F04A-DE55-4078-A3EC-8BC86BCB861F}.Development|Any CPU.Build.0 = Debug|Any CPU
		{8D22F04A-DE55-4078-A3EC-8BC86BCB861F}.EGP06.DRC|Any CPU.ActiveCfg = EGP06.DRC|Any CPU
		{8D22F04A-DE55-4078-A3EC-8BC86BCB861F}.EGP06.DRC|Any CPU.Build.0 = EGP06.DRC|Any CPU
		{8D22F04A-DE55-4078-A3EC-8BC86BCB861F}.EGP06.Learn|Any CPU.ActiveCfg = EGP06.Learn|Any CPU
		{8D22F04A-DE55-4078-A3EC-8BC86BCB861F}.EGP06.Learn|Any CPU.Build.0 = EGP06.Learn|Any CPU
		{8D22F04A-DE55-4078-A3EC-8BC86BCB861F}.EGP06.Prod|Any CPU.ActiveCfg = EGP06.Prod|Any CPU
		{8D22F04A-DE55-4078-A3EC-8BC86BCB861F}.EGP06.Prod|Any CPU.Build.0 = EGP06.Prod|Any CPU
		{8D22F04A-DE55-4078-A3EC-8BC86BCB861F}.EGP06.Test|Any CPU.ActiveCfg = EGP06.Test|Any CPU
		{8D22F04A-DE55-4078-A3EC-8BC86BCB861F}.EGP06.Test|Any CPU.Build.0 = EGP06.Test|Any CPU
		{8D22F04A-DE55-4078-A3EC-8BC86BCB861F}.Release|Any CPU.ActiveCfg = EGP06.Test|Any CPU
		{8D22F04A-DE55-4078-A3EC-8BC86BCB861F}.Release|Any CPU.Build.0 = EGP06.Test|Any CPU
		{716B39B1-8609-4834-829C-B4C8A71202C8}.Ciela.CI|Any CPU.ActiveCfg = Ciela.CI|Any CPU
		{716B39B1-8609-4834-829C-B4C8A71202C8}.Ciela.CI|Any CPU.Build.0 = Ciela.CI|Any CPU
		{716B39B1-8609-4834-829C-B4C8A71202C8}.David.CI|Any CPU.ActiveCfg = David.CI|Any CPU
		{716B39B1-8609-4834-829C-B4C8A71202C8}.David.CI|Any CPU.Build.0 = David.CI|Any CPU
		{716B39B1-8609-4834-829C-B4C8A71202C8}.Debug|Any CPU.ActiveCfg = Debug|Any CPU
		{716B39B1-8609-4834-829C-B4C8A71202C8}.Debug|Any CPU.Build.0 = Debug|Any CPU
		{716B39B1-8609-4834-829C-B4C8A71202C8}.Development|Any CPU.ActiveCfg = Debug|Any CPU
		{716B39B1-8609-4834-829C-B4C8A71202C8}.Development|Any CPU.Build.0 = Debug|Any CPU
		{716B39B1-8609-4834-829C-B4C8A71202C8}.EGP06.DRC|Any CPU.ActiveCfg = EGP06.DRC|Any CPU
		{716B39B1-8609-4834-829C-B4C8A71202C8}.EGP06.DRC|Any CPU.Build.0 = EGP06.DRC|Any CPU
		{716B39B1-8609-4834-829C-B4C8A71202C8}.EGP06.Learn|Any CPU.ActiveCfg = EGP06.Learn|Any CPU
		{716B39B1-8609-4834-829C-B4C8A71202C8}.EGP06.Learn|Any CPU.Build.0 = EGP06.Learn|Any CPU
		{716B39B1-8609-4834-829C-B4C8A71202C8}.EGP06.Prod|Any CPU.ActiveCfg = EGP06.Prod|Any CPU
		{716B39B1-8609-4834-829C-B4C8A71202C8}.EGP06.Prod|Any CPU.Build.0 = EGP06.Prod|Any CPU
		{716B39B1-8609-4834-829C-B4C8A71202C8}.EGP06.Test|Any CPU.ActiveCfg = EGP06.Test|Any CPU
		{716B39B1-8609-4834-829C-B4C8A71202C8}.EGP06.Test|Any CPU.Build.0 = EGP06.Test|Any CPU
		{716B39B1-8609-4834-829C-B4C8A71202C8}.Release|Any CPU.ActiveCfg = EGP06.Test|Any CPU
		{716B39B1-8609-4834-829C-B4C8A71202C8}.Release|Any CPU.Build.0 = EGP06.Test|Any CPU
		{AE6E8F22-5574-40E6-9C19-212794757C57}.Ciela.CI|Any CPU.ActiveCfg = Ciela.CI|Any CPU
		{AE6E8F22-5574-40E6-9C19-212794757C57}.Ciela.CI|Any CPU.Build.0 = Ciela.CI|Any CPU
		{AE6E8F22-5574-40E6-9C19-212794757C57}.David.CI|Any CPU.ActiveCfg = David.CI|Any CPU
		{AE6E8F22-5574-40E6-9C19-212794757C57}.David.CI|Any CPU.Build.0 = David.CI|Any CPU
		{AE6E8F22-5574-40E6-9C19-212794757C57}.Debug|Any CPU.ActiveCfg = Debug|Any CPU
		{AE6E8F22-5574-40E6-9C19-212794757C57}.Debug|Any CPU.Build.0 = Debug|Any CPU
		{AE6E8F22-5574-40E6-9C19-212794757C57}.Development|Any CPU.ActiveCfg = Debug|Any CPU
		{AE6E8F22-5574-40E6-9C19-212794757C57}.Development|Any CPU.Build.0 = Debug|Any CPU
		{AE6E8F22-5574-40E6-9C19-212794757C57}.EGP06.DRC|Any CPU.ActiveCfg = EGP06.DRC|Any CPU
		{AE6E8F22-5574-40E6-9C19-212794757C57}.EGP06.DRC|Any CPU.Build.0 = EGP06.DRC|Any CPU
		{AE6E8F22-5574-40E6-9C19-212794757C57}.EGP06.Learn|Any CPU.ActiveCfg = EGP06.Learn|Any CPU
		{AE6E8F22-5574-40E6-9C19-212794757C57}.EGP06.Learn|Any CPU.Build.0 = EGP06.Learn|Any CPU
		{AE6E8F22-5574-40E6-9C19-212794757C57}.EGP06.Prod|Any CPU.ActiveCfg = EGP06.Prod|Any CPU
		{AE6E8F22-5574-40E6-9C19-212794757C57}.EGP06.Prod|Any CPU.Build.0 = EGP06.Prod|Any CPU
		{AE6E8F22-5574-40E6-9C19-212794757C57}.EGP06.Test|Any CPU.ActiveCfg = EGP06.Test|Any CPU
		{AE6E8F22-5574-40E6-9C19-212794757C57}.EGP06.Test|Any CPU.Build.0 = EGP06.Test|Any CPU
		{AE6E8F22-5574-40E6-9C19-212794757C57}.Release|Any CPU.ActiveCfg = EGP06.Test|Any CPU
		{AE6E8F22-5574-40E6-9C19-212794757C57}.Release|Any CPU.Build.0 = EGP06.Test|Any CPU
		{58A2D44A-A67A-4AD4-B5AB-52FDD6A9ED5E}.Ciela.CI|Any CPU.ActiveCfg = Ciela.CI|Any CPU
		{58A2D44A-A67A-4AD4-B5AB-52FDD6A9ED5E}.David.CI|Any CPU.ActiveCfg = David.CI|Any CPU
		{58A2D44A-A67A-4AD4-B5AB-52FDD6A9ED5E}.Debug|Any CPU.ActiveCfg = Debug|Any CPU
		{58A2D44A-A67A-4AD4-B5AB-52FDD6A9ED5E}.Debug|Any CPU.Build.0 = Debug|Any CPU
		{58A2D44A-A67A-4AD4-B5AB-52FDD6A9ED5E}.Development|Any CPU.ActiveCfg = Debug|Any CPU
		{58A2D44A-A67A-4AD4-B5AB-52FDD6A9ED5E}.Development|Any CPU.Build.0 = Debug|Any CPU
		{58A2D44A-A67A-4AD4-B5AB-52FDD6A9ED5E}.EGP06.DRC|Any CPU.ActiveCfg = EGP06.DRC|Any CPU
		{58A2D44A-A67A-4AD4-B5AB-52FDD6A9ED5E}.EGP06.Learn|Any CPU.ActiveCfg = EGP06.Learn|Any CPU
		{58A2D44A-A67A-4AD4-B5AB-52FDD6A9ED5E}.EGP06.Prod|Any CPU.ActiveCfg = EGP06.Prod|Any CPU
		{58A2D44A-A67A-4AD4-B5AB-52FDD6A9ED5E}.EGP06.Test|Any CPU.ActiveCfg = EGP06.Test|Any CPU
		{58A2D44A-A67A-4AD4-B5AB-52FDD6A9ED5E}.Release|Any CPU.ActiveCfg = EGP06.Test|Any CPU
		{58A2D44A-A67A-4AD4-B5AB-52FDD6A9ED5E}.Release|Any CPU.Build.0 = EGP06.Test|Any CPU
		{560B28B2-ABDA-462B-A018-6E99AF7158D2}.Ciela.CI|Any CPU.ActiveCfg = Ciela.CI|Any CPU
		{560B28B2-ABDA-462B-A018-6E99AF7158D2}.Ciela.CI|Any CPU.Build.0 = Ciela.CI|Any CPU
		{560B28B2-ABDA-462B-A018-6E99AF7158D2}.David.CI|Any CPU.ActiveCfg = David.CI|Any CPU
		{560B28B2-ABDA-462B-A018-6E99AF7158D2}.David.CI|Any CPU.Build.0 = David.CI|Any CPU
		{560B28B2-ABDA-462B-A018-6E99AF7158D2}.Debug|Any CPU.ActiveCfg = Debug|Any CPU
		{560B28B2-ABDA-462B-A018-6E99AF7158D2}.Debug|Any CPU.Build.0 = Debug|Any CPU
		{560B28B2-ABDA-462B-A018-6E99AF7158D2}.Development|Any CPU.ActiveCfg = Debug|Any CPU
		{560B28B2-ABDA-462B-A018-6E99AF7158D2}.Development|Any CPU.Build.0 = Debug|Any CPU
		{560B28B2-ABDA-462B-A018-6E99AF7158D2}.EGP06.DRC|Any CPU.ActiveCfg = EGP06.DRC|Any CPU
		{560B28B2-ABDA-462B-A018-6E99AF7158D2}.EGP06.DRC|Any CPU.Build.0 = EGP06.DRC|Any CPU
		{560B28B2-ABDA-462B-A018-6E99AF7158D2}.EGP06.Learn|Any CPU.ActiveCfg = EGP06.Learn|Any CPU
		{560B28B2-ABDA-462B-A018-6E99AF7158D2}.EGP06.Learn|Any CPU.Build.0 = EGP06.Learn|Any CPU
		{560B28B2-ABDA-462B-A018-6E99AF7158D2}.EGP06.Prod|Any CPU.ActiveCfg = EGP06.Prod|Any CPU
		{560B28B2-ABDA-462B-A018-6E99AF7158D2}.EGP06.Prod|Any CPU.Build.0 = EGP06.Prod|Any CPU
		{560B28B2-ABDA-462B-A018-6E99AF7158D2}.EGP06.Test|Any CPU.ActiveCfg = EGP06.Test|Any CPU
		{560B28B2-ABDA-462B-A018-6E99AF7158D2}.EGP06.Test|Any CPU.Build.0 = EGP06.Test|Any CPU
		{560B28B2-ABDA-462B-A018-6E99AF7158D2}.Release|Any CPU.ActiveCfg = EGP06.Test|Any CPU
		{560B28B2-ABDA-462B-A018-6E99AF7158D2}.Release|Any CPU.Build.0 = EGP06.Test|Any CPU
		{5F014003-50D8-49E0-8AFE-91D38DCCC97C}.Ciela.CI|Any CPU.ActiveCfg = Ciela.CI|Any CPU
		{5F014003-50D8-49E0-8AFE-91D38DCCC97C}.Ciela.CI|Any CPU.Build.0 = Ciela.CI|Any CPU
		{5F014003-50D8-49E0-8AFE-91D38DCCC97C}.David.CI|Any CPU.ActiveCfg = David.CI|Any CPU
		{5F014003-50D8-49E0-8AFE-91D38DCCC97C}.David.CI|Any CPU.Build.0 = David.CI|Any CPU
		{5F014003-50D8-49E0-8AFE-91D38DCCC97C}.Debug|Any CPU.ActiveCfg = Debug|Any CPU
		{5F014003-50D8-49E0-8AFE-91D38DCCC97C}.Debug|Any CPU.Build.0 = Debug|Any CPU
		{5F014003-50D8-49E0-8AFE-91D38DCCC97C}.Development|Any CPU.ActiveCfg = Debug|Any CPU
		{5F014003-50D8-49E0-8AFE-91D38DCCC97C}.Development|Any CPU.Build.0 = Debug|Any CPU
		{5F014003-50D8-49E0-8AFE-91D38DCCC97C}.EGP06.DRC|Any CPU.ActiveCfg = EGP06.DRC|Any CPU
		{5F014003-50D8-49E0-8AFE-91D38DCCC97C}.EGP06.DRC|Any CPU.Build.0 = EGP06.DRC|Any CPU
		{5F014003-50D8-49E0-8AFE-91D38DCCC97C}.EGP06.Learn|Any CPU.ActiveCfg = EGP06.Learn|Any CPU
		{5F014003-50D8-49E0-8AFE-91D38DCCC97C}.EGP06.Learn|Any CPU.Build.0 = EGP06.Learn|Any CPU
		{5F014003-50D8-49E0-8AFE-91D38DCCC97C}.EGP06.Prod|Any CPU.ActiveCfg = EGP06.Prod|Any CPU
		{5F014003-50D8-49E0-8AFE-91D38DCCC97C}.EGP06.Prod|Any CPU.Build.0 = EGP06.Prod|Any CPU
		{5F014003-50D8-49E0-8AFE-91D38DCCC97C}.EGP06.Test|Any CPU.ActiveCfg = EGP06.Test|Any CPU
		{5F014003-50D8-49E0-8AFE-91D38DCCC97C}.EGP06.Test|Any CPU.Build.0 = EGP06.Test|Any CPU
		{5F014003-50D8-49E0-8AFE-91D38DCCC97C}.Release|Any CPU.ActiveCfg = EGP06.Test|Any CPU
		{5F014003-50D8-49E0-8AFE-91D38DCCC97C}.Release|Any CPU.Build.0 = EGP06.Test|Any CPU
		{F8E5E800-F842-4F84-A0C6-B3E1E5DB2BB4}.Ciela.CI|Any CPU.ActiveCfg = Release|Any CPU
		{F8E5E800-F842-4F84-A0C6-B3E1E5DB2BB4}.Ciela.CI|Any CPU.Build.0 = Release|Any CPU
		{F8E5E800-F842-4F84-A0C6-B3E1E5DB2BB4}.David.CI|Any CPU.ActiveCfg = David.CI|Any CPU
		{F8E5E800-F842-4F84-A0C6-B3E1E5DB2BB4}.David.CI|Any CPU.Build.0 = David.CI|Any CPU
		{F8E5E800-F842-4F84-A0C6-B3E1E5DB2BB4}.Debug|Any CPU.ActiveCfg = Debug|Any CPU
		{F8E5E800-F842-4F84-A0C6-B3E1E5DB2BB4}.Debug|Any CPU.Build.0 = Debug|Any CPU
		{F8E5E800-F842-4F84-A0C6-B3E1E5DB2BB4}.Development|Any CPU.ActiveCfg = Debug|Any CPU
		{F8E5E800-F842-4F84-A0C6-B3E1E5DB2BB4}.Development|Any CPU.Build.0 = Debug|Any CPU
		{F8E5E800-F842-4F84-A0C6-B3E1E5DB2BB4}.EGP06.DRC|Any CPU.ActiveCfg = EGP06.DRC|Any CPU
		{F8E5E800-F842-4F84-A0C6-B3E1E5DB2BB4}.EGP06.DRC|Any CPU.Build.0 = EGP06.DRC|Any CPU
		{F8E5E800-F842-4F84-A0C6-B3E1E5DB2BB4}.EGP06.Learn|Any CPU.ActiveCfg = EGP06.Learn|Any CPU
		{F8E5E800-F842-4F84-A0C6-B3E1E5DB2BB4}.EGP06.Learn|Any CPU.Build.0 = EGP06.Learn|Any CPU
		{F8E5E800-F842-4F84-A0C6-B3E1E5DB2BB4}.EGP06.Prod|Any CPU.ActiveCfg = Debug|Any CPU
		{F8E5E800-F842-4F84-A0C6-B3E1E5DB2BB4}.EGP06.Prod|Any CPU.Build.0 = Debug|Any CPU
		{F8E5E800-F842-4F84-A0C6-B3E1E5DB2BB4}.EGP06.Test|Any CPU.ActiveCfg = Debug|Any CPU
		{F8E5E800-F842-4F84-A0C6-B3E1E5DB2BB4}.EGP06.Test|Any CPU.Build.0 = Debug|Any CPU
		{F8E5E800-F842-4F84-A0C6-B3E1E5DB2BB4}.Release|Any CPU.ActiveCfg = Release|Any CPU
		{F8E5E800-F842-4F84-A0C6-B3E1E5DB2BB4}.Release|Any CPU.Build.0 = Release|Any CPU
		{C7EBD385-9601-44C7-9C67-109A836E3145}.Ciela.CI|Any CPU.ActiveCfg = Ciela.CI|Any CPU
		{C7EBD385-9601-44C7-9C67-109A836E3145}.Ciela.CI|Any CPU.Build.0 = Ciela.CI|Any CPU
		{C7EBD385-9601-44C7-9C67-109A836E3145}.David.CI|Any CPU.ActiveCfg = David.CI|Any CPU
		{C7EBD385-9601-44C7-9C67-109A836E3145}.David.CI|Any CPU.Build.0 = David.CI|Any CPU
		{C7EBD385-9601-44C7-9C67-109A836E3145}.Debug|Any CPU.ActiveCfg = Debug|Any CPU
		{C7EBD385-9601-44C7-9C67-109A836E3145}.Debug|Any CPU.Build.0 = Debug|Any CPU
		{C7EBD385-9601-44C7-9C67-109A836E3145}.Development|Any CPU.ActiveCfg = Debug|Any CPU
		{C7EBD385-9601-44C7-9C67-109A836E3145}.Development|Any CPU.Build.0 = Debug|Any CPU
		{C7EBD385-9601-44C7-9C67-109A836E3145}.EGP06.DRC|Any CPU.ActiveCfg = EGP06.DRC|Any CPU
		{C7EBD385-9601-44C7-9C67-109A836E3145}.EGP06.DRC|Any CPU.Build.0 = EGP06.DRC|Any CPU
		{C7EBD385-9601-44C7-9C67-109A836E3145}.EGP06.Learn|Any CPU.ActiveCfg = EGP06.Learn|Any CPU
		{C7EBD385-9601-44C7-9C67-109A836E3145}.EGP06.Learn|Any CPU.Build.0 = EGP06.Learn|Any CPU
		{C7EBD385-9601-44C7-9C67-109A836E3145}.EGP06.Prod|Any CPU.ActiveCfg = EGP06.Prod|Any CPU
		{C7EBD385-9601-44C7-9C67-109A836E3145}.EGP06.Prod|Any CPU.Build.0 = EGP06.Prod|Any CPU
		{C7EBD385-9601-44C7-9C67-109A836E3145}.EGP06.Test|Any CPU.ActiveCfg = EGP06.Test|Any CPU
		{C7EBD385-9601-44C7-9C67-109A836E3145}.EGP06.Test|Any CPU.Build.0 = EGP06.Test|Any CPU
		{C7EBD385-9601-44C7-9C67-109A836E3145}.Release|Any CPU.ActiveCfg = EGP06.Test|Any CPU
		{C7EBD385-9601-44C7-9C67-109A836E3145}.Release|Any CPU.Build.0 = EGP06.Test|Any CPU
		{9231A809-9326-43C0-85F7-2B5910543665}.Ciela.CI|Any CPU.ActiveCfg = Ciela.CI|Any CPU
		{9231A809-9326-43C0-85F7-2B5910543665}.David.CI|Any CPU.ActiveCfg = David.CI|Any CPU
		{9231A809-9326-43C0-85F7-2B5910543665}.Debug|Any CPU.ActiveCfg = Debug|Any CPU
		{9231A809-9326-43C0-85F7-2B5910543665}.Debug|Any CPU.Build.0 = Debug|Any CPU
		{9231A809-9326-43C0-85F7-2B5910543665}.Development|Any CPU.ActiveCfg = Debug|Any CPU
		{9231A809-9326-43C0-85F7-2B5910543665}.Development|Any CPU.Build.0 = Debug|Any CPU
		{9231A809-9326-43C0-85F7-2B5910543665}.EGP06.DRC|Any CPU.ActiveCfg = EGP06.DRC|Any CPU
		{9231A809-9326-43C0-85F7-2B5910543665}.EGP06.Learn|Any CPU.ActiveCfg = EGP06.Learn|Any CPU
		{9231A809-9326-43C0-85F7-2B5910543665}.EGP06.Prod|Any CPU.ActiveCfg = EGP06.Prod|Any CPU
		{9231A809-9326-43C0-85F7-2B5910543665}.EGP06.Test|Any CPU.ActiveCfg = EGP06.Test|Any CPU
		{9231A809-9326-43C0-85F7-2B5910543665}.Release|Any CPU.ActiveCfg = EGP06.Test|Any CPU
		{9231A809-9326-43C0-85F7-2B5910543665}.Release|Any CPU.Build.0 = EGP06.Test|Any CPU
		{412C9024-804E-4D4A-ABC1-535AAB7D5CF6}.Ciela.CI|Any CPU.ActiveCfg = Ciela.CI|Any CPU
		{412C9024-804E-4D4A-ABC1-535AAB7D5CF6}.David.CI|Any CPU.ActiveCfg = David.CI|Any CPU
		{412C9024-804E-4D4A-ABC1-535AAB7D5CF6}.Debug|Any CPU.ActiveCfg = Debug|Any CPU
		{412C9024-804E-4D4A-ABC1-535AAB7D5CF6}.Debug|Any CPU.Build.0 = Debug|Any CPU
		{412C9024-804E-4D4A-ABC1-535AAB7D5CF6}.Development|Any CPU.ActiveCfg = Debug|Any CPU
		{412C9024-804E-4D4A-ABC1-535AAB7D5CF6}.Development|Any CPU.Build.0 = Debug|Any CPU
		{412C9024-804E-4D4A-ABC1-535AAB7D5CF6}.EGP06.DRC|Any CPU.ActiveCfg = EGP06.DRC|Any CPU
		{412C9024-804E-4D4A-ABC1-535AAB7D5CF6}.EGP06.Learn|Any CPU.ActiveCfg = EGP06.Learn|Any CPU
		{412C9024-804E-4D4A-ABC1-535AAB7D5CF6}.EGP06.Prod|Any CPU.ActiveCfg = EGP06.Prod|Any CPU
		{412C9024-804E-4D4A-ABC1-535AAB7D5CF6}.EGP06.Test|Any CPU.ActiveCfg = EGP06.Test|Any CPU
		{412C9024-804E-4D4A-ABC1-535AAB7D5CF6}.Release|Any CPU.ActiveCfg = EGP06.Test|Any CPU
		{412C9024-804E-4D4A-ABC1-535AAB7D5CF6}.Release|Any CPU.Build.0 = EGP06.Test|Any CPU
		{DF475D02-092C-429F-9646-EBB075AF2E9F}.Ciela.CI|Any CPU.ActiveCfg = Ciela.CI|Any CPU
		{DF475D02-092C-429F-9646-EBB075AF2E9F}.Ciela.CI|Any CPU.Build.0 = Ciela.CI|Any CPU
		{DF475D02-092C-429F-9646-EBB075AF2E9F}.David.CI|Any CPU.ActiveCfg = David.CI|Any CPU
		{DF475D02-092C-429F-9646-EBB075AF2E9F}.David.CI|Any CPU.Build.0 = David.CI|Any CPU
		{DF475D02-092C-429F-9646-EBB075AF2E9F}.Debug|Any CPU.ActiveCfg = Debug|Any CPU
		{DF475D02-092C-429F-9646-EBB075AF2E9F}.Debug|Any CPU.Build.0 = Debug|Any CPU
		{DF475D02-092C-429F-9646-EBB075AF2E9F}.Development|Any CPU.ActiveCfg = Debug|Any CPU
		{DF475D02-092C-429F-9646-EBB075AF2E9F}.Development|Any CPU.Build.0 = Debug|Any CPU
		{DF475D02-092C-429F-9646-EBB075AF2E9F}.EGP06.DRC|Any CPU.ActiveCfg = EGP06.DRC|Any CPU
		{DF475D02-092C-429F-9646-EBB075AF2E9F}.EGP06.DRC|Any CPU.Build.0 = EGP06.DRC|Any CPU
		{DF475D02-092C-429F-9646-EBB075AF2E9F}.EGP06.Learn|Any CPU.ActiveCfg = EGP06.Learn|Any CPU
		{DF475D02-092C-429F-9646-EBB075AF2E9F}.EGP06.Learn|Any CPU.Build.0 = EGP06.Learn|Any CPU
		{DF475D02-092C-429F-9646-EBB075AF2E9F}.EGP06.Prod|Any CPU.ActiveCfg = EGP06.Prod|Any CPU
		{DF475D02-092C-429F-9646-EBB075AF2E9F}.EGP06.Prod|Any CPU.Build.0 = EGP06.Prod|Any CPU
		{DF475D02-092C-429F-9646-EBB075AF2E9F}.EGP06.Test|Any CPU.ActiveCfg = EGP06.Test|Any CPU
		{DF475D02-092C-429F-9646-EBB075AF2E9F}.EGP06.Test|Any CPU.Build.0 = EGP06.Test|Any CPU
		{DF475D02-092C-429F-9646-EBB075AF2E9F}.Release|Any CPU.ActiveCfg = EGP06.Test|Any CPU
		{DF475D02-092C-429F-9646-EBB075AF2E9F}.Release|Any CPU.Build.0 = EGP06.Test|Any CPU
		{FB96DC11-94F4-4F39-93E4-7D4D7F4B47DC}.Ciela.CI|Any CPU.ActiveCfg = Ciela.CI|Any CPU
		{FB96DC11-94F4-4F39-93E4-7D4D7F4B47DC}.Ciela.CI|Any CPU.Build.0 = Ciela.CI|Any CPU
		{FB96DC11-94F4-4F39-93E4-7D4D7F4B47DC}.David.CI|Any CPU.ActiveCfg = David.CI|Any CPU
		{FB96DC11-94F4-4F39-93E4-7D4D7F4B47DC}.David.CI|Any CPU.Build.0 = David.CI|Any CPU
		{FB96DC11-94F4-4F39-93E4-7D4D7F4B47DC}.Debug|Any CPU.ActiveCfg = Debug|Any CPU
		{FB96DC11-94F4-4F39-93E4-7D4D7F4B47DC}.Debug|Any CPU.Build.0 = Debug|Any CPU
		{FB96DC11-94F4-4F39-93E4-7D4D7F4B47DC}.Development|Any CPU.ActiveCfg = Debug|Any CPU
		{FB96DC11-94F4-4F39-93E4-7D4D7F4B47DC}.Development|Any CPU.Build.0 = Debug|Any CPU
		{FB96DC11-94F4-4F39-93E4-7D4D7F4B47DC}.EGP06.DRC|Any CPU.ActiveCfg = EGP06.DRC|Any CPU
		{FB96DC11-94F4-4F39-93E4-7D4D7F4B47DC}.EGP06.DRC|Any CPU.Build.0 = EGP06.DRC|Any CPU
		{FB96DC11-94F4-4F39-93E4-7D4D7F4B47DC}.EGP06.Learn|Any CPU.ActiveCfg = EGP06.Learn|Any CPU
		{FB96DC11-94F4-4F39-93E4-7D4D7F4B47DC}.EGP06.Learn|Any CPU.Build.0 = EGP06.Learn|Any CPU
		{FB96DC11-94F4-4F39-93E4-7D4D7F4B47DC}.EGP06.Prod|Any CPU.ActiveCfg = EGP06.Prod|Any CPU
		{FB96DC11-94F4-4F39-93E4-7D4D7F4B47DC}.EGP06.Prod|Any CPU.Build.0 = EGP06.Prod|Any CPU
		{FB96DC11-94F4-4F39-93E4-7D4D7F4B47DC}.EGP06.Test|Any CPU.ActiveCfg = EGP06.Test|Any CPU
		{FB96DC11-94F4-4F39-93E4-7D4D7F4B47DC}.EGP06.Test|Any CPU.Build.0 = EGP06.Test|Any CPU
		{FB96DC11-94F4-4F39-93E4-7D4D7F4B47DC}.Release|Any CPU.ActiveCfg = EGP06.Test|Any CPU
		{FB96DC11-94F4-4F39-93E4-7D4D7F4B47DC}.Release|Any CPU.Build.0 = EGP06.Test|Any CPU
		{4F3A7C14-3D42-4FEC-91A4-07BF049D127E}.Ciela.CI|Any CPU.ActiveCfg = Ciela.CI|Any CPU
		{4F3A7C14-3D42-4FEC-91A4-07BF049D127E}.David.CI|Any CPU.ActiveCfg = David.CI|Any CPU
		{4F3A7C14-3D42-4FEC-91A4-07BF049D127E}.Debug|Any CPU.ActiveCfg = Debug|Any CPU
		{4F3A7C14-3D42-4FEC-91A4-07BF049D127E}.Development|Any CPU.ActiveCfg = Debug|Any CPU
		{4F3A7C14-3D42-4FEC-91A4-07BF049D127E}.Development|Any CPU.Build.0 = Debug|Any CPU
		{4F3A7C14-3D42-4FEC-91A4-07BF049D127E}.EGP06.DRC|Any CPU.ActiveCfg = EGP06.DRC|Any CPU
		{4F3A7C14-3D42-4FEC-91A4-07BF049D127E}.EGP06.Learn|Any CPU.ActiveCfg = EGP06.Learn|Any CPU
		{4F3A7C14-3D42-4FEC-91A4-07BF049D127E}.EGP06.Prod|Any CPU.ActiveCfg = EGP06.Prod|Any CPU
		{4F3A7C14-3D42-4FEC-91A4-07BF049D127E}.EGP06.Test|Any CPU.ActiveCfg = EGP06.Test|Any CPU
		{4F3A7C14-3D42-4FEC-91A4-07BF049D127E}.Release|Any CPU.ActiveCfg = EGP06.Test|Any CPU
		{4F3A7C14-3D42-4FEC-91A4-07BF049D127E}.Release|Any CPU.Build.0 = EGP06.Test|Any CPU
		{C3211BAC-13F0-42A7-924C-34BB0EE77914}.Ciela.CI|Any CPU.ActiveCfg = Ciela.CI|Any CPU
		{C3211BAC-13F0-42A7-924C-34BB0EE77914}.Ciela.CI|Any CPU.Build.0 = Ciela.CI|Any CPU
		{C3211BAC-13F0-42A7-924C-34BB0EE77914}.David.CI|Any CPU.ActiveCfg = David.CI|Any CPU
		{C3211BAC-13F0-42A7-924C-34BB0EE77914}.David.CI|Any CPU.Build.0 = David.CI|Any CPU
		{C3211BAC-13F0-42A7-924C-34BB0EE77914}.Debug|Any CPU.ActiveCfg = Debug|Any CPU
		{C3211BAC-13F0-42A7-924C-34BB0EE77914}.Debug|Any CPU.Build.0 = Debug|Any CPU
		{C3211BAC-13F0-42A7-924C-34BB0EE77914}.Development|Any CPU.ActiveCfg = Debug|Any CPU
		{C3211BAC-13F0-42A7-924C-34BB0EE77914}.Development|Any CPU.Build.0 = Debug|Any CPU
		{C3211BAC-13F0-42A7-924C-34BB0EE77914}.EGP06.DRC|Any CPU.ActiveCfg = EGP06.DRC|Any CPU
		{C3211BAC-13F0-42A7-924C-34BB0EE77914}.EGP06.DRC|Any CPU.Build.0 = EGP06.DRC|Any CPU
		{C3211BAC-13F0-42A7-924C-34BB0EE77914}.EGP06.Learn|Any CPU.ActiveCfg = EGP06.Learn|Any CPU
		{C3211BAC-13F0-42A7-924C-34BB0EE77914}.EGP06.Learn|Any CPU.Build.0 = EGP06.Learn|Any CPU
		{C3211BAC-13F0-42A7-924C-34BB0EE77914}.EGP06.Prod|Any CPU.ActiveCfg = EGP06.Prod|Any CPU
		{C3211BAC-13F0-42A7-924C-34BB0EE77914}.EGP06.Prod|Any CPU.Build.0 = EGP06.Prod|Any CPU
		{C3211BAC-13F0-42A7-924C-34BB0EE77914}.EGP06.Test|Any CPU.ActiveCfg = EGP06.Test|Any CPU
		{C3211BAC-13F0-42A7-924C-34BB0EE77914}.EGP06.Test|Any CPU.Build.0 = EGP06.Test|Any CPU
		{C3211BAC-13F0-42A7-924C-34BB0EE77914}.Release|Any CPU.ActiveCfg = EGP06.Test|Any CPU
		{C3211BAC-13F0-42A7-924C-34BB0EE77914}.Release|Any CPU.Build.0 = EGP06.Test|Any CPU
		{6F891EC9-8913-464C-A719-8FA218A24806}.Ciela.CI|Any CPU.ActiveCfg = Debug|Any CPU
		{6F891EC9-8913-464C-A719-8FA218A24806}.Ciela.CI|Any CPU.Build.0 = Debug|Any CPU
		{6F891EC9-8913-464C-A719-8FA218A24806}.David.CI|Any CPU.ActiveCfg = David.CI|Any CPU
		{6F891EC9-8913-464C-A719-8FA218A24806}.David.CI|Any CPU.Build.0 = David.CI|Any CPU
		{6F891EC9-8913-464C-A719-8FA218A24806}.Debug|Any CPU.ActiveCfg = Debug|Any CPU
		{6F891EC9-8913-464C-A719-8FA218A24806}.Debug|Any CPU.Build.0 = Debug|Any CPU
		{6F891EC9-8913-464C-A719-8FA218A24806}.Development|Any CPU.ActiveCfg = Debug|Any CPU
		{6F891EC9-8913-464C-A719-8FA218A24806}.Development|Any CPU.Build.0 = Debug|Any CPU
		{6F891EC9-8913-464C-A719-8FA218A24806}.EGP06.DRC|Any CPU.ActiveCfg = EGP06.DRC|Any CPU
		{6F891EC9-8913-464C-A719-8FA218A24806}.EGP06.DRC|Any CPU.Build.0 = EGP06.DRC|Any CPU
		{6F891EC9-8913-464C-A719-8FA218A24806}.EGP06.Learn|Any CPU.ActiveCfg = EGP06.Learn|Any CPU
		{6F891EC9-8913-464C-A719-8FA218A24806}.EGP06.Learn|Any CPU.Build.0 = EGP06.Learn|Any CPU
		{6F891EC9-8913-464C-A719-8FA218A24806}.EGP06.Prod|Any CPU.ActiveCfg = Release|Any CPU
		{6F891EC9-8913-464C-A719-8FA218A24806}.EGP06.Prod|Any CPU.Build.0 = Release|Any CPU
		{6F891EC9-8913-464C-A719-8FA218A24806}.EGP06.Test|Any CPU.ActiveCfg = Release|Any CPU
		{6F891EC9-8913-464C-A719-8FA218A24806}.EGP06.Test|Any CPU.Build.0 = Release|Any CPU
		{6F891EC9-8913-464C-A719-8FA218A24806}.Release|Any CPU.ActiveCfg = Release|Any CPU
		{6F891EC9-8913-464C-A719-8FA218A24806}.Release|Any CPU.Build.0 = Release|Any CPU
		{5C1AE581-33EE-49AD-88A4-AEC4AC523791}.Ciela.CI|Any CPU.ActiveCfg = Development
		{5C1AE581-33EE-49AD-88A4-AEC4AC523791}.Ciela.CI|Any CPU.Build.0 = Development
		{5C1AE581-33EE-49AD-88A4-AEC4AC523791}.David.CI|Any CPU.ActiveCfg = Development
		{5C1AE581-33EE-49AD-88A4-AEC4AC523791}.Debug|Any CPU.ActiveCfg = Development
		{5C1AE581-33EE-49AD-88A4-AEC4AC523791}.Debug|Any CPU.Build.0 = Development
		{5C1AE581-33EE-49AD-88A4-AEC4AC523791}.Development|Any CPU.ActiveCfg = Development
		{5C1AE581-33EE-49AD-88A4-AEC4AC523791}.Development|Any CPU.Build.0 = Development
		{5C1AE581-33EE-49AD-88A4-AEC4AC523791}.EGP06.DRC|Any CPU.ActiveCfg = Development
		{5C1AE581-33EE-49AD-88A4-AEC4AC523791}.EGP06.Learn|Any CPU.ActiveCfg = Development
		{5C1AE581-33EE-49AD-88A4-AEC4AC523791}.EGP06.Prod|Any CPU.ActiveCfg = Development
		{5C1AE581-33EE-49AD-88A4-AEC4AC523791}.EGP06.Prod|Any CPU.Build.0 = Development
		{5C1AE581-33EE-49AD-88A4-AEC4AC523791}.EGP06.Test|Any CPU.ActiveCfg = Development
		{5C1AE581-33EE-49AD-88A4-AEC4AC523791}.EGP06.Test|Any CPU.Build.0 = Development
		{5C1AE581-33EE-49AD-88A4-AEC4AC523791}.Release|Any CPU.ActiveCfg = Development
		{55064BB0-C39B-4A02-8375-C3BF1A29725A}.Ciela.CI|Any CPU.ActiveCfg = Ciela.CI|Any CPU
		{55064BB0-C39B-4A02-8375-C3BF1A29725A}.Ciela.CI|Any CPU.Build.0 = Ciela.CI|Any CPU
		{55064BB0-C39B-4A02-8375-C3BF1A29725A}.David.CI|Any CPU.ActiveCfg = David.CI|Any CPU
		{55064BB0-C39B-4A02-8375-C3BF1A29725A}.David.CI|Any CPU.Build.0 = David.CI|Any CPU
		{55064BB0-C39B-4A02-8375-C3BF1A29725A}.Debug|Any CPU.ActiveCfg = Debug|Any CPU
		{55064BB0-C39B-4A02-8375-C3BF1A29725A}.Debug|Any CPU.Build.0 = Debug|Any CPU
		{55064BB0-C39B-4A02-8375-C3BF1A29725A}.Development|Any CPU.ActiveCfg = Debug|Any CPU
		{55064BB0-C39B-4A02-8375-C3BF1A29725A}.Development|Any CPU.Build.0 = Debug|Any CPU
		{55064BB0-C39B-4A02-8375-C3BF1A29725A}.EGP06.DRC|Any CPU.ActiveCfg = EGP06.DRC|Any CPU
		{55064BB0-C39B-4A02-8375-C3BF1A29725A}.EGP06.DRC|Any CPU.Build.0 = EGP06.DRC|Any CPU
		{55064BB0-C39B-4A02-8375-C3BF1A29725A}.EGP06.Learn|Any CPU.ActiveCfg = EGP06.DRC|Any CPU
		{55064BB0-C39B-4A02-8375-C3BF1A29725A}.EGP06.Learn|Any CPU.Build.0 = EGP06.DRC|Any CPU
		{55064BB0-C39B-4A02-8375-C3BF1A29725A}.EGP06.Prod|Any CPU.ActiveCfg = EGP06.Prod|Any CPU
		{55064BB0-C39B-4A02-8375-C3BF1A29725A}.EGP06.Prod|Any CPU.Build.0 = EGP06.Prod|Any CPU
		{55064BB0-C39B-4A02-8375-C3BF1A29725A}.EGP06.Test|Any CPU.ActiveCfg = EGP06.Test|Any CPU
		{55064BB0-C39B-4A02-8375-C3BF1A29725A}.EGP06.Test|Any CPU.Build.0 = EGP06.Test|Any CPU
		{55064BB0-C39B-4A02-8375-C3BF1A29725A}.Release|Any CPU.ActiveCfg = Debug|Any CPU
		{55064BB0-C39B-4A02-8375-C3BF1A29725A}.Release|Any CPU.Build.0 = Debug|Any CPU
		{2F240798-29DA-4813-BEBB-EFAE376A35D4}.Ciela.CI|Any CPU.ActiveCfg = Ciela.CI|Any CPU
		{2F240798-29DA-4813-BEBB-EFAE376A35D4}.Ciela.CI|Any CPU.Build.0 = Ciela.CI|Any CPU
		{2F240798-29DA-4813-BEBB-EFAE376A35D4}.David.CI|Any CPU.ActiveCfg = David.CI|Any CPU
		{2F240798-29DA-4813-BEBB-EFAE376A35D4}.David.CI|Any CPU.Build.0 = David.CI|Any CPU
		{2F240798-29DA-4813-BEBB-EFAE376A35D4}.Debug|Any CPU.ActiveCfg = Debug|Any CPU
		{2F240798-29DA-4813-BEBB-EFAE376A35D4}.Debug|Any CPU.Build.0 = Debug|Any CPU
		{2F240798-29DA-4813-BEBB-EFAE376A35D4}.Development|Any CPU.ActiveCfg = Debug|Any CPU
		{2F240798-29DA-4813-BEBB-EFAE376A35D4}.Development|Any CPU.Build.0 = Debug|Any CPU
		{2F240798-29DA-4813-BEBB-EFAE376A35D4}.EGP06.DRC|Any CPU.ActiveCfg = EGP06.DRC|Any CPU
		{2F240798-29DA-4813-BEBB-EFAE376A35D4}.EGP06.DRC|Any CPU.Build.0 = EGP06.DRC|Any CPU
		{2F240798-29DA-4813-BEBB-EFAE376A35D4}.EGP06.Learn|Any CPU.ActiveCfg = EGP06.Test|Any CPU
		{2F240798-29DA-4813-BEBB-EFAE376A35D4}.EGP06.Learn|Any CPU.Build.0 = EGP06.Test|Any CPU
		{2F240798-29DA-4813-BEBB-EFAE376A35D4}.EGP06.Prod|Any CPU.ActiveCfg = EGP06.Prod|Any CPU
		{2F240798-29DA-4813-BEBB-EFAE376A35D4}.EGP06.Prod|Any CPU.Build.0 = EGP06.Prod|Any CPU
		{2F240798-29DA-4813-BEBB-EFAE376A35D4}.EGP06.Test|Any CPU.ActiveCfg = EGP06.Test|Any CPU
		{2F240798-29DA-4813-BEBB-EFAE376A35D4}.EGP06.Test|Any CPU.Build.0 = EGP06.Test|Any CPU
		{2F240798-29DA-4813-BEBB-EFAE376A35D4}.Release|Any CPU.ActiveCfg = Debug|Any CPU
		{2F240798-29DA-4813-BEBB-EFAE376A35D4}.Release|Any CPU.Build.0 = Debug|Any CPU
	EndGlobalSection
	GlobalSection(SolutionProperties) = preSolution
		HideSolutionNode = FALSE
	EndGlobalSection
	GlobalSection(NestedProjects) = preSolution
		{5F014003-50D8-49E0-8AFE-91D38DCCC97C} = {1C6A1772-A49E-4E72-8970-F8CED09DAE20}
		{F8E5E800-F842-4F84-A0C6-B3E1E5DB2BB4} = {1C6A1772-A49E-4E72-8970-F8CED09DAE20}
		{6F891EC9-8913-464C-A719-8FA218A24806} = {C9AC06E7-3DC9-4D54-B9D9-51C09E98E1B8}
		{5C1AE581-33EE-49AD-88A4-AEC4AC523791} = {EB6C04CC-0801-44C2-A9C8-822ACF670C41}
	EndGlobalSection
	GlobalSection(ExtensibilityGlobals) = postSolution
		SolutionGuid = {BB5773DA-865A-4871-A6F1-D6A3D2F71E3F}
	EndGlobalSection
EndGlobal
